
Microsoft Visual Studio Solution File, Format Version 12.00
# Visual Studio 15
VisualStudioVersion = 15.0.27004.2002
MinimumVisualStudioVersion = 10.0.40219.1
Project("{FAE04EC0-301F-11D3-BF4B-00C04F79EFBC}") = "Sample3.Android", "Sample3\Sample3.Android\Sample3.Android.csproj", "{3682EFAD-CCE0-4F4D-B5D1-31103CB3AA8B}"
EndProject
Project("{FAE04EC0-301F-11D3-BF4B-00C04F79EFBC}") = "Sample3", "Sample3\Sample3\Sample3.csproj", "{D3052560-F917-4605-9C9A-8E4248737189}"
EndProject
Project("{FAE04EC0-301F-11D3-BF4B-00C04F79EFBC}") = "Sample3.UWP", "Sample3\Sample3.UWP\Sample3.UWP.csproj", "{B481AE66-898D-4212-9630-F33B604389BF}"
EndProject
Project("{FAE04EC0-301F-11D3-BF4B-00C04F79EFBC}") = "Sample3.iOS", "Sample3\Sample3.iOS\Sample3.iOS.csproj", "{F11C4357-B6D1-4405-A340-04524004CD24}"
EndProject
Global
	GlobalSection(SolutionConfigurationPlatforms) = preSolution
		Ad-Hoc|Any CPU = Ad-Hoc|Any CPU
		Ad-Hoc|ARM = Ad-Hoc|ARM
		Ad-Hoc|iPhone = Ad-Hoc|iPhone
		Ad-Hoc|iPhoneSimulator = Ad-Hoc|iPhoneSimulator
		Ad-Hoc|x64 = Ad-Hoc|x64
		Ad-Hoc|x86 = Ad-Hoc|x86
		AppStore|Any CPU = AppStore|Any CPU
		AppStore|ARM = AppStore|ARM
		AppStore|iPhone = AppStore|iPhone
		AppStore|iPhoneSimulator = AppStore|iPhoneSimulator
		AppStore|x64 = AppStore|x64
		AppStore|x86 = AppStore|x86
		Debug|Any CPU = Debug|Any CPU
		Debug|ARM = Debug|ARM
		Debug|iPhone = Debug|iPhone
		Debug|iPhoneSimulator = Debug|iPhoneSimulator
		Debug|x64 = Debug|x64
		Debug|x86 = Debug|x86
		Release|Any CPU = Release|Any CPU
		Release|ARM = Release|ARM
		Release|iPhone = Release|iPhone
		Release|iPhoneSimulator = Release|iPhoneSimulator
		Release|x64 = Release|x64
		Release|x86 = Release|x86
	EndGlobalSection
	GlobalSection(ProjectConfigurationPlatforms) = postSolution
		{3682EFAD-CCE0-4F4D-B5D1-31103CB3AA8B}.Ad-Hoc|Any CPU.ActiveCfg = Release|Any CPU
		{3682EFAD-CCE0-4F4D-B5D1-31103CB3AA8B}.Ad-Hoc|Any CPU.Build.0 = Release|Any CPU
		{3682EFAD-CCE0-4F4D-B5D1-31103CB3AA8B}.Ad-Hoc|Any CPU.Deploy.0 = Release|Any CPU
		{3682EFAD-CCE0-4F4D-B5D1-31103CB3AA8B}.Ad-Hoc|ARM.ActiveCfg = Release|Any CPU
		{3682EFAD-CCE0-4F4D-B5D1-31103CB3AA8B}.Ad-Hoc|ARM.Build.0 = Release|Any CPU
		{3682EFAD-CCE0-4F4D-B5D1-31103CB3AA8B}.Ad-Hoc|ARM.Deploy.0 = Release|Any CPU
		{3682EFAD-CCE0-4F4D-B5D1-31103CB3AA8B}.Ad-Hoc|iPhone.ActiveCfg = Release|Any CPU
		{3682EFAD-CCE0-4F4D-B5D1-31103CB3AA8B}.Ad-Hoc|iPhone.Build.0 = Release|Any CPU
		{3682EFAD-CCE0-4F4D-B5D1-31103CB3AA8B}.Ad-Hoc|iPhone.Deploy.0 = Release|Any CPU
		{3682EFAD-CCE0-4F4D-B5D1-31103CB3AA8B}.Ad-Hoc|iPhoneSimulator.ActiveCfg = Release|Any CPU
		{3682EFAD-CCE0-4F4D-B5D1-31103CB3AA8B}.Ad-Hoc|iPhoneSimulator.Build.0 = Release|Any CPU
		{3682EFAD-CCE0-4F4D-B5D1-31103CB3AA8B}.Ad-Hoc|iPhoneSimulator.Deploy.0 = Release|Any CPU
		{3682EFAD-CCE0-4F4D-B5D1-31103CB3AA8B}.Ad-Hoc|x64.ActiveCfg = Release|Any CPU
		{3682EFAD-CCE0-4F4D-B5D1-31103CB3AA8B}.Ad-Hoc|x64.Build.0 = Release|Any CPU
		{3682EFAD-CCE0-4F4D-B5D1-31103CB3AA8B}.Ad-Hoc|x64.Deploy.0 = Release|Any CPU
		{3682EFAD-CCE0-4F4D-B5D1-31103CB3AA8B}.Ad-Hoc|x86.ActiveCfg = Release|Any CPU
		{3682EFAD-CCE0-4F4D-B5D1-31103CB3AA8B}.Ad-Hoc|x86.Build.0 = Release|Any CPU
		{3682EFAD-CCE0-4F4D-B5D1-31103CB3AA8B}.Ad-Hoc|x86.Deploy.0 = Release|Any CPU
		{3682EFAD-CCE0-4F4D-B5D1-31103CB3AA8B}.AppStore|Any CPU.ActiveCfg = Release|Any CPU
		{3682EFAD-CCE0-4F4D-B5D1-31103CB3AA8B}.AppStore|Any CPU.Build.0 = Release|Any CPU
		{3682EFAD-CCE0-4F4D-B5D1-31103CB3AA8B}.AppStore|Any CPU.Deploy.0 = Release|Any CPU
		{3682EFAD-CCE0-4F4D-B5D1-31103CB3AA8B}.AppStore|ARM.ActiveCfg = Release|Any CPU
		{3682EFAD-CCE0-4F4D-B5D1-31103CB3AA8B}.AppStore|ARM.Build.0 = Release|Any CPU
		{3682EFAD-CCE0-4F4D-B5D1-31103CB3AA8B}.AppStore|ARM.Deploy.0 = Release|Any CPU
		{3682EFAD-CCE0-4F4D-B5D1-31103CB3AA8B}.AppStore|iPhone.ActiveCfg = Release|Any CPU
		{3682EFAD-CCE0-4F4D-B5D1-31103CB3AA8B}.AppStore|iPhone.Build.0 = Release|Any CPU
		{3682EFAD-CCE0-4F4D-B5D1-31103CB3AA8B}.AppStore|iPhone.Deploy.0 = Release|Any CPU
		{3682EFAD-CCE0-4F4D-B5D1-31103CB3AA8B}.AppStore|iPhoneSimulator.ActiveCfg = Release|Any CPU
		{3682EFAD-CCE0-4F4D-B5D1-31103CB3AA8B}.AppStore|iPhoneSimulator.Build.0 = Release|Any CPU
		{3682EFAD-CCE0-4F4D-B5D1-31103CB3AA8B}.AppStore|iPhoneSimulator.Deploy.0 = Release|Any CPU
		{3682EFAD-CCE0-4F4D-B5D1-31103CB3AA8B}.AppStore|x64.ActiveCfg = Release|Any CPU
		{3682EFAD-CCE0-4F4D-B5D1-31103CB3AA8B}.AppStore|x64.Build.0 = Release|Any CPU
		{3682EFAD-CCE0-4F4D-B5D1-31103CB3AA8B}.AppStore|x64.Deploy.0 = Release|Any CPU
		{3682EFAD-CCE0-4F4D-B5D1-31103CB3AA8B}.AppStore|x86.ActiveCfg = Release|Any CPU
		{3682EFAD-CCE0-4F4D-B5D1-31103CB3AA8B}.AppStore|x86.Build.0 = Release|Any CPU
		{3682EFAD-CCE0-4F4D-B5D1-31103CB3AA8B}.AppStore|x86.Deploy.0 = Release|Any CPU
		{3682EFAD-CCE0-4F4D-B5D1-31103CB3AA8B}.Debug|Any CPU.ActiveCfg = Debug|Any CPU
		{3682EFAD-CCE0-4F4D-B5D1-31103CB3AA8B}.Debug|Any CPU.Build.0 = Debug|Any CPU
		{3682EFAD-CCE0-4F4D-B5D1-31103CB3AA8B}.Debug|Any CPU.Deploy.0 = Debug|Any CPU
		{3682EFAD-CCE0-4F4D-B5D1-31103CB3AA8B}.Debug|ARM.ActiveCfg = Debug|Any CPU
		{3682EFAD-CCE0-4F4D-B5D1-31103CB3AA8B}.Debug|ARM.Build.0 = Debug|Any CPU
		{3682EFAD-CCE0-4F4D-B5D1-31103CB3AA8B}.Debug|ARM.Deploy.0 = Debug|Any CPU
		{3682EFAD-CCE0-4F4D-B5D1-31103CB3AA8B}.Debug|iPhone.ActiveCfg = Debug|Any CPU
		{3682EFAD-CCE0-4F4D-B5D1-31103CB3AA8B}.Debug|iPhone.Build.0 = Debug|Any CPU
		{3682EFAD-CCE0-4F4D-B5D1-31103CB3AA8B}.Debug|iPhone.Deploy.0 = Debug|Any CPU
		{3682EFAD-CCE0-4F4D-B5D1-31103CB3AA8B}.Debug|iPhoneSimulator.ActiveCfg = Debug|Any CPU
		{3682EFAD-CCE0-4F4D-B5D1-31103CB3AA8B}.Debug|iPhoneSimulator.Build.0 = Debug|Any CPU
		{3682EFAD-CCE0-4F4D-B5D1-31103CB3AA8B}.Debug|iPhoneSimulator.Deploy.0 = Debug|Any CPU
		{3682EFAD-CCE0-4F4D-B5D1-31103CB3AA8B}.Debug|x64.ActiveCfg = Debug|Any CPU
		{3682EFAD-CCE0-4F4D-B5D1-31103CB3AA8B}.Debug|x64.Build.0 = Debug|Any CPU
		{3682EFAD-CCE0-4F4D-B5D1-31103CB3AA8B}.Debug|x64.Deploy.0 = Debug|Any CPU
		{3682EFAD-CCE0-4F4D-B5D1-31103CB3AA8B}.Debug|x86.ActiveCfg = Debug|Any CPU
		{3682EFAD-CCE0-4F4D-B5D1-31103CB3AA8B}.Debug|x86.Build.0 = Debug|Any CPU
		{3682EFAD-CCE0-4F4D-B5D1-31103CB3AA8B}.Debug|x86.Deploy.0 = Debug|Any CPU
		{3682EFAD-CCE0-4F4D-B5D1-31103CB3AA8B}.Release|Any CPU.ActiveCfg = Release|Any CPU
		{3682EFAD-CCE0-4F4D-B5D1-31103CB3AA8B}.Release|Any CPU.Build.0 = Release|Any CPU
		{3682EFAD-CCE0-4F4D-B5D1-31103CB3AA8B}.Release|Any CPU.Deploy.0 = Release|Any CPU
		{3682EFAD-CCE0-4F4D-B5D1-31103CB3AA8B}.Release|ARM.ActiveCfg = Release|Any CPU
		{3682EFAD-CCE0-4F4D-B5D1-31103CB3AA8B}.Release|ARM.Build.0 = Release|Any CPU
		{3682EFAD-CCE0-4F4D-B5D1-31103CB3AA8B}.Release|ARM.Deploy.0 = Release|Any CPU
		{3682EFAD-CCE0-4F4D-B5D1-31103CB3AA8B}.Release|iPhone.ActiveCfg = Release|Any CPU
		{3682EFAD-CCE0-4F4D-B5D1-31103CB3AA8B}.Release|iPhone.Build.0 = Release|Any CPU
		{3682EFAD-CCE0-4F4D-B5D1-31103CB3AA8B}.Release|iPhone.Deploy.0 = Release|Any CPU
		{3682EFAD-CCE0-4F4D-B5D1-31103CB3AA8B}.Release|iPhoneSimulator.ActiveCfg = Release|Any CPU
		{3682EFAD-CCE0-4F4D-B5D1-31103CB3AA8B}.Release|iPhoneSimulator.Build.0 = Release|Any CPU
		{3682EFAD-CCE0-4F4D-B5D1-31103CB3AA8B}.Release|iPhoneSimulator.Deploy.0 = Release|Any CPU
		{3682EFAD-CCE0-4F4D-B5D1-31103CB3AA8B}.Release|x64.ActiveCfg = Release|Any CPU
		{3682EFAD-CCE0-4F4D-B5D1-31103CB3AA8B}.Release|x64.Build.0 = Release|Any CPU
		{3682EFAD-CCE0-4F4D-B5D1-31103CB3AA8B}.Release|x64.Deploy.0 = Release|Any CPU
		{3682EFAD-CCE0-4F4D-B5D1-31103CB3AA8B}.Release|x86.ActiveCfg = Release|Any CPU
		{3682EFAD-CCE0-4F4D-B5D1-31103CB3AA8B}.Release|x86.Build.0 = Release|Any CPU
		{3682EFAD-CCE0-4F4D-B5D1-31103CB3AA8B}.Release|x86.Deploy.0 = Release|Any CPU
		{D3052560-F917-4605-9C9A-8E4248737189}.Ad-Hoc|Any CPU.ActiveCfg = Release|Any CPU
		{D3052560-F917-4605-9C9A-8E4248737189}.Ad-Hoc|Any CPU.Build.0 = Release|Any CPU
		{D3052560-F917-4605-9C9A-8E4248737189}.Ad-Hoc|ARM.ActiveCfg = Release|Any CPU
		{D3052560-F917-4605-9C9A-8E4248737189}.Ad-Hoc|ARM.Build.0 = Release|Any CPU
		{D3052560-F917-4605-9C9A-8E4248737189}.Ad-Hoc|iPhone.ActiveCfg = Release|Any CPU
		{D3052560-F917-4605-9C9A-8E4248737189}.Ad-Hoc|iPhone.Build.0 = Release|Any CPU
		{D3052560-F917-4605-9C9A-8E4248737189}.Ad-Hoc|iPhoneSimulator.ActiveCfg = Release|Any CPU
		{D3052560-F917-4605-9C9A-8E4248737189}.Ad-Hoc|iPhoneSimulator.Build.0 = Release|Any CPU
		{D3052560-F917-4605-9C9A-8E4248737189}.Ad-Hoc|x64.ActiveCfg = Release|Any CPU
		{D3052560-F917-4605-9C9A-8E4248737189}.Ad-Hoc|x64.Build.0 = Release|Any CPU
		{D3052560-F917-4605-9C9A-8E4248737189}.Ad-Hoc|x86.ActiveCfg = Release|Any CPU
		{D3052560-F917-4605-9C9A-8E4248737189}.Ad-Hoc|x86.Build.0 = Release|Any CPU
		{D3052560-F917-4605-9C9A-8E4248737189}.AppStore|Any CPU.ActiveCfg = Release|Any CPU
		{D3052560-F917-4605-9C9A-8E4248737189}.AppStore|Any CPU.Build.0 = Release|Any CPU
		{D3052560-F917-4605-9C9A-8E4248737189}.AppStore|ARM.ActiveCfg = Release|Any CPU
		{D3052560-F917-4605-9C9A-8E4248737189}.AppStore|ARM.Build.0 = Release|Any CPU
		{D3052560-F917-4605-9C9A-8E4248737189}.AppStore|iPhone.ActiveCfg = Release|Any CPU
		{D3052560-F917-4605-9C9A-8E4248737189}.AppStore|iPhone.Build.0 = Release|Any CPU
		{D3052560-F917-4605-9C9A-8E4248737189}.AppStore|iPhoneSimulator.ActiveCfg = Release|Any CPU
		{D3052560-F917-4605-9C9A-8E4248737189}.AppStore|iPhoneSimulator.Build.0 = Release|Any CPU
		{D3052560-F917-4605-9C9A-8E4248737189}.AppStore|x64.ActiveCfg = Release|Any CPU
		{D3052560-F917-4605-9C9A-8E4248737189}.AppStore|x64.Build.0 = Release|Any CPU
		{D3052560-F917-4605-9C9A-8E4248737189}.AppStore|x86.ActiveCfg = Release|Any CPU
		{D3052560-F917-4605-9C9A-8E4248737189}.AppStore|x86.Build.0 = Release|Any CPU
		{D3052560-F917-4605-9C9A-8E4248737189}.Debug|Any CPU.ActiveCfg = Debug|Any CPU
		{D3052560-F917-4605-9C9A-8E4248737189}.Debug|Any CPU.Build.0 = Debug|Any CPU
		{D3052560-F917-4605-9C9A-8E4248737189}.Debug|ARM.ActiveCfg = Debug|Any CPU
		{D3052560-F917-4605-9C9A-8E4248737189}.Debug|ARM.Build.0 = Debug|Any CPU
		{D3052560-F917-4605-9C9A-8E4248737189}.Debug|iPhone.ActiveCfg = Debug|Any CPU
		{D3052560-F917-4605-9C9A-8E4248737189}.Debug|iPhone.Build.0 = Debug|Any CPU
		{D3052560-F917-4605-9C9A-8E4248737189}.Debug|iPhoneSimulator.ActiveCfg = Debug|Any CPU
		{D3052560-F917-4605-9C9A-8E4248737189}.Debug|iPhoneSimulator.Build.0 = Debug|Any CPU
		{D3052560-F917-4605-9C9A-8E4248737189}.Debug|x64.ActiveCfg = Debug|Any CPU
		{D3052560-F917-4605-9C9A-8E4248737189}.Debug|x64.Build.0 = Debug|Any CPU
		{D3052560-F917-4605-9C9A-8E4248737189}.Debug|x86.ActiveCfg = Debug|Any CPU
		{D3052560-F917-4605-9C9A-8E4248737189}.Debug|x86.Build.0 = Debug|Any CPU
		{D3052560-F917-4605-9C9A-8E4248737189}.Release|Any CPU.ActiveCfg = Release|Any CPU
		{D3052560-F917-4605-9C9A-8E4248737189}.Release|Any CPU.Build.0 = Release|Any CPU
		{D3052560-F917-4605-9C9A-8E4248737189}.Release|ARM.ActiveCfg = Release|Any CPU
		{D3052560-F917-4605-9C9A-8E4248737189}.Release|ARM.Build.0 = Release|Any CPU
		{D3052560-F917-4605-9C9A-8E4248737189}.Release|iPhone.ActiveCfg = Release|Any CPU
		{D3052560-F917-4605-9C9A-8E4248737189}.Release|iPhone.Build.0 = Release|Any CPU
		{D3052560-F917-4605-9C9A-8E4248737189}.Release|iPhoneSimulator.ActiveCfg = Release|Any CPU
		{D3052560-F917-4605-9C9A-8E4248737189}.Release|iPhoneSimulator.Build.0 = Release|Any CPU
		{D3052560-F917-4605-9C9A-8E4248737189}.Release|x64.ActiveCfg = Release|Any CPU
		{D3052560-F917-4605-9C9A-8E4248737189}.Release|x64.Build.0 = Release|Any CPU
		{D3052560-F917-4605-9C9A-8E4248737189}.Release|x86.ActiveCfg = Release|Any CPU
		{D3052560-F917-4605-9C9A-8E4248737189}.Release|x86.Build.0 = Release|Any CPU
		{B481AE66-898D-4212-9630-F33B604389BF}.Ad-Hoc|Any CPU.ActiveCfg = Release|x86
		{B481AE66-898D-4212-9630-F33B604389BF}.Ad-Hoc|Any CPU.Build.0 = Release|x86
		{B481AE66-898D-4212-9630-F33B604389BF}.Ad-Hoc|Any CPU.Deploy.0 = Release|x86
		{B481AE66-898D-4212-9630-F33B604389BF}.Ad-Hoc|ARM.ActiveCfg = Release|ARM
		{B481AE66-898D-4212-9630-F33B604389BF}.Ad-Hoc|ARM.Build.0 = Release|ARM
		{B481AE66-898D-4212-9630-F33B604389BF}.Ad-Hoc|ARM.Deploy.0 = Release|ARM
		{B481AE66-898D-4212-9630-F33B604389BF}.Ad-Hoc|iPhone.ActiveCfg = Release|x86
		{B481AE66-898D-4212-9630-F33B604389BF}.Ad-Hoc|iPhone.Build.0 = Release|x86
		{B481AE66-898D-4212-9630-F33B604389BF}.Ad-Hoc|iPhone.Deploy.0 = Release|x86
		{B481AE66-898D-4212-9630-F33B604389BF}.Ad-Hoc|iPhoneSimulator.ActiveCfg = Release|x86
		{B481AE66-898D-4212-9630-F33B604389BF}.Ad-Hoc|iPhoneSimulator.Build.0 = Release|x86
		{B481AE66-898D-4212-9630-F33B604389BF}.Ad-Hoc|iPhoneSimulator.Deploy.0 = Release|x86
		{B481AE66-898D-4212-9630-F33B604389BF}.Ad-Hoc|x64.ActiveCfg = Release|x64
		{B481AE66-898D-4212-9630-F33B604389BF}.Ad-Hoc|x64.Build.0 = Release|x64
		{B481AE66-898D-4212-9630-F33B604389BF}.Ad-Hoc|x64.Deploy.0 = Release|x64
		{B481AE66-898D-4212-9630-F33B604389BF}.Ad-Hoc|x86.ActiveCfg = Release|x86
		{B481AE66-898D-4212-9630-F33B604389BF}.Ad-Hoc|x86.Build.0 = Release|x86
		{B481AE66-898D-4212-9630-F33B604389BF}.Ad-Hoc|x86.Deploy.0 = Release|x86
		{B481AE66-898D-4212-9630-F33B604389BF}.AppStore|Any CPU.ActiveCfg = Release|x86
		{B481AE66-898D-4212-9630-F33B604389BF}.AppStore|Any CPU.Build.0 = Release|x86
		{B481AE66-898D-4212-9630-F33B604389BF}.AppStore|Any CPU.Deploy.0 = Release|x86
		{B481AE66-898D-4212-9630-F33B604389BF}.AppStore|ARM.ActiveCfg = Release|ARM
		{B481AE66-898D-4212-9630-F33B604389BF}.AppStore|ARM.Build.0 = Release|ARM
		{B481AE66-898D-4212-9630-F33B604389BF}.AppStore|ARM.Deploy.0 = Release|ARM
		{B481AE66-898D-4212-9630-F33B604389BF}.AppStore|iPhone.ActiveCfg = Release|x86
		{B481AE66-898D-4212-9630-F33B604389BF}.AppStore|iPhone.Build.0 = Release|x86
		{B481AE66-898D-4212-9630-F33B604389BF}.AppStore|iPhone.Deploy.0 = Release|x86
		{B481AE66-898D-4212-9630-F33B604389BF}.AppStore|iPhoneSimulator.ActiveCfg = Release|x86
		{B481AE66-898D-4212-9630-F33B604389BF}.AppStore|iPhoneSimulator.Build.0 = Release|x86
		{B481AE66-898D-4212-9630-F33B604389BF}.AppStore|iPhoneSimulator.Deploy.0 = Release|x86
		{B481AE66-898D-4212-9630-F33B604389BF}.AppStore|x64.ActiveCfg = Release|x64
		{B481AE66-898D-4212-9630-F33B604389BF}.AppStore|x64.Build.0 = Release|x64
		{B481AE66-898D-4212-9630-F33B604389BF}.AppStore|x64.Deploy.0 = Release|x64
		{B481AE66-898D-4212-9630-F33B604389BF}.AppStore|x86.ActiveCfg = Release|x86
		{B481AE66-898D-4212-9630-F33B604389BF}.AppStore|x86.Build.0 = Release|x86
		{B481AE66-898D-4212-9630-F33B604389BF}.AppStore|x86.Deploy.0 = Release|x86
		{B481AE66-898D-4212-9630-F33B604389BF}.Debug|Any CPU.ActiveCfg = Debug|x86
		{B481AE66-898D-4212-9630-F33B604389BF}.Debug|ARM.ActiveCfg = Debug|ARM
		{B481AE66-898D-4212-9630-F33B604389BF}.Debug|ARM.Build.0 = Debug|ARM
		{B481AE66-898D-4212-9630-F33B604389BF}.Debug|ARM.Deploy.0 = Debug|ARM
		{B481AE66-898D-4212-9630-F33B604389BF}.Debug|iPhone.ActiveCfg = Debug|x86
		{B481AE66-898D-4212-9630-F33B604389BF}.Debug|iPhoneSimulator.ActiveCfg = Debug|x86
		{B481AE66-898D-4212-9630-F33B604389BF}.Debug|x64.ActiveCfg = Debug|x64
		{B481AE66-898D-4212-9630-F33B604389BF}.Debug|x64.Build.0 = Debug|x64
		{B481AE66-898D-4212-9630-F33B604389BF}.Debug|x64.Deploy.0 = Debug|x64
		{B481AE66-898D-4212-9630-F33B604389BF}.Debug|x86.ActiveCfg = Debug|x86
		{B481AE66-898D-4212-9630-F33B604389BF}.Debug|x86.Build.0 = Debug|x86
		{B481AE66-898D-4212-9630-F33B604389BF}.Debug|x86.Deploy.0 = Debug|x86
		{B481AE66-898D-4212-9630-F33B604389BF}.Release|Any CPU.ActiveCfg = Release|x86
		{B481AE66-898D-4212-9630-F33B604389BF}.Release|ARM.ActiveCfg = Release|ARM
		{B481AE66-898D-4212-9630-F33B604389BF}.Release|ARM.Build.0 = Release|ARM
		{B481AE66-898D-4212-9630-F33B604389BF}.Release|ARM.Deploy.0 = Release|ARM
		{B481AE66-898D-4212-9630-F33B604389BF}.Release|iPhone.ActiveCfg = Release|x86
		{B481AE66-898D-4212-9630-F33B604389BF}.Release|iPhoneSimulator.ActiveCfg = Release|x86
		{B481AE66-898D-4212-9630-F33B604389BF}.Release|x64.ActiveCfg = Release|x64
		{B481AE66-898D-4212-9630-F33B604389BF}.Release|x64.Build.0 = Release|x64
		{B481AE66-898D-4212-9630-F33B604389BF}.Release|x64.Deploy.0 = Release|x64
		{B481AE66-898D-4212-9630-F33B604389BF}.Release|x86.ActiveCfg = Release|x86
		{B481AE66-898D-4212-9630-F33B604389BF}.Release|x86.Build.0 = Release|x86
		{B481AE66-898D-4212-9630-F33B604389BF}.Release|x86.Deploy.0 = Release|x86
		{F11C4357-B6D1-4405-A340-04524004CD24}.Ad-Hoc|Any CPU.ActiveCfg = Ad-Hoc|iPhoneSimulator
		{F11C4357-B6D1-4405-A340-04524004CD24}.Ad-Hoc|ARM.ActiveCfg = Ad-Hoc|iPhone
		{F11C4357-B6D1-4405-A340-04524004CD24}.Ad-Hoc|iPhone.ActiveCfg = Ad-Hoc|iPhone
		{F11C4357-B6D1-4405-A340-04524004CD24}.Ad-Hoc|iPhone.Build.0 = Ad-Hoc|iPhone
		{F11C4357-B6D1-4405-A340-04524004CD24}.Ad-Hoc|iPhoneSimulator.ActiveCfg = Ad-Hoc|iPhoneSimulator
		{F11C4357-B6D1-4405-A340-04524004CD24}.Ad-Hoc|iPhoneSimulator.Build.0 = Ad-Hoc|iPhoneSimulator
		{F11C4357-B6D1-4405-A340-04524004CD24}.Ad-Hoc|x64.ActiveCfg = Ad-Hoc|iPhone
		{F11C4357-B6D1-4405-A340-04524004CD24}.Ad-Hoc|x86.ActiveCfg = Ad-Hoc|iPhone
		{F11C4357-B6D1-4405-A340-04524004CD24}.AppStore|Any CPU.ActiveCfg = AppStore|iPhoneSimulator
		{F11C4357-B6D1-4405-A340-04524004CD24}.AppStore|ARM.ActiveCfg = AppStore|iPhone
		{F11C4357-B6D1-4405-A340-04524004CD24}.AppStore|iPhone.ActiveCfg = AppStore|iPhone
		{F11C4357-B6D1-4405-A340-04524004CD24}.AppStore|iPhone.Build.0 = AppStore|iPhone
		{F11C4357-B6D1-4405-A340-04524004CD24}.AppStore|iPhoneSimulator.ActiveCfg = AppStore|iPhoneSimulator
		{F11C4357-B6D1-4405-A340-04524004CD24}.AppStore|iPhoneSimulator.Build.0 = AppStore|iPhoneSimulator
		{F11C4357-B6D1-4405-A340-04524004CD24}.AppStore|x64.ActiveCfg = AppStore|iPhone
		{F11C4357-B6D1-4405-A340-04524004CD24}.AppStore|x86.ActiveCfg = AppStore|iPhone
		{F11C4357-B6D1-4405-A340-04524004CD24}.Debug|Any CPU.ActiveCfg = Debug|iPhoneSimulator
		{F11C4357-B6D1-4405-A340-04524004CD24}.Debug|ARM.ActiveCfg = Debug|iPhone
		{F11C4357-B6D1-4405-A340-04524004CD24}.Debug|iPhone.ActiveCfg = Debug|iPhone
		{F11C4357-B6D1-4405-A340-04524004CD24}.Debug|iPhone.Build.0 = Debug|iPhone
		{F11C4357-B6D1-4405-A340-04524004CD24}.Debug|iPhoneSimulator.ActiveCfg = Debug|iPhoneSimulator
		{F11C4357-B6D1-4405-A340-04524004CD24}.Debug|iPhoneSimulator.Build.0 = Debug|iPhoneSimulator
		{F11C4357-B6D1-4405-A340-04524004CD24}.Debug|x64.ActiveCfg = Debug|iPhone
		{F11C4357-B6D1-4405-A340-04524004CD24}.Debug|x86.ActiveCfg = Debug|iPhone
		{F11C4357-B6D1-4405-A340-04524004CD24}.Release|Any CPU.ActiveCfg = Release|iPhoneSimulator
		{F11C4357-B6D1-4405-A340-04524004CD24}.Release|ARM.ActiveCfg = Release|iPhone
		{F11C4357-B6D1-4405-A340-04524004CD24}.Release|iPhone.ActiveCfg = Release|iPhone
		{F11C4357-B6D1-4405-A340-04524004CD24}.Release|iPhone.Build.0 = Release|iPhone
		{F11C4357-B6D1-4405-A340-04524004CD24}.Release|iPhoneSimulator.ActiveCfg = Release|iPhoneSimulator
		{F11C4357-B6D1-4405-A340-04524004CD24}.Release|iPhoneSimulator.Build.0 = Release|iPhoneSimulator
		{F11C4357-B6D1-4405-A340-04524004CD24}.Release|x64.ActiveCfg = Release|iPhone
		{F11C4357-B6D1-4405-A340-04524004CD24}.Release|x86.ActiveCfg = Release|iPhone
	EndGlobalSection
	GlobalSection(SolutionProperties) = preSolution
		HideSolutionNode = FALSE
	EndGlobalSection
	GlobalSection(ExtensibilityGlobals) = postSolution
		SolutionGuid = {8FEE015B-891A-4DCA-9E6A-AC0F5765B7F8}
	EndGlobalSection
EndGlobal
